github.com/go-playground/errors/v5 v5.4.0 h1:BxBxwlRjuclYbRebE4ddrRrMK705lS2mHzHw7BDoDPA=
github.com/go-playground/errors/v5 v5.4.0/go.mod h1:6aVeVHsT36RNu/m/8AvGdPv8T2J/+KfVv6Su4VvBfpQ=
github.com/go-playground/pkg/v5 v5.30.0 h1:ElTFBK1Pf3Jm0pRBi/AvgzbwBPAFzFsI2h4uH2xaEsY=
github.com/go-playground/pkg/v5 v5.30.0/go.mod h1:UgHNntEQnMJSygw2O2RQ3LAB0tprx81K90c/pOKh7cU=
github.com/jtwatson/shutdown v0.1.1 h1:1kgFchOopPJJk5vDitJuQ4jxHdsKz5119N1nn5ZMsNs=
github.com/jtwatson/shutdown v0.1.1/go.mod h1:X6GrzMnrtG80WnP9s3eEYDpwHefIq85nO1WNRevOJq8=
